PODS:
  - Alamofire (5.2.0)
  - CocoaLumberjack/Core (3.6.1)
  - CocoaLumberjack/Swift (3.6.1):
    - CocoaLumberjack/Core
  - Differentiator (4.0.1)
  - IQKeyboardManagerSwift (6.5.5)
  - Nuke (9.0.0)
  - PKHUD (5.3.0)
  - RxAlamofire (5.2.0):
    - RxAlamofire/Core (= 5.2.0)
  - RxAlamofire/Core (5.2.0):
    - Alamofire (~> 5.1)
    - RxSwift (~> 5.1)
  - RxCocoa (5.1.1):
    - RxRelay (~> 5)
    - RxSwift (~> 5)
  - RxDataSources (4.0.1):
    - Differentiator (~> 4.0)
    - RxCocoa (~> 5.0)
    - RxSwift (~> 5.0)
  - RxNuke (1.0.1):
    - Nuke (~> 9.0)
    - RxSwift (~> 5.1.0)
  - RxOptional (4.1.0):
    - RxCocoa (~> 5)
    - RxSwift (~> 5)
  - RxRelay (5.1.1):
    - RxSwift (~> 5)
  - RxSwift (5.1.1)

DEPENDENCIES:
  - Alamofire
  - CocoaLumberjack/Swift
  - IQKeyboardManagerSwift
  - PKHUD (~> 5.0)
  - RxAlamofire
  - RxCocoa
  - RxDataSources
  - RxNuke
  - RxOptional
  - RxSwift (~> 5.1.0)

SPEC REPOS:
  trunk:
    - Alamofire
    - CocoaLumberjack
    - Differentiator
    - IQKeyboardManagerSwift
    - Nuke
    - PKHUD
    - RxAlamofire
    - RxCocoa
    - RxDataSources
    - RxNuke
    - RxOptional
    - RxRelay
    - RxSwift

SPEC CHECKSUMS:
  Alamofire: c1ca147559e730bfb2182c8c7aafbdd90a867987
  CocoaLumberjack: b17ae15142558d08bbacf69775fa10c4abbebcc9
  Differentiator: 886080237d9f87f322641dedbc5be257061b0602
  IQKeyboardManagerSwift: 0fb93310284665245591f50f7a5e38de615960b7
  Nuke: 4390bfb0fcde6aecf314f854439d03914ee7c604
  PKHUD: 98f3e4bc904b9c916f1c5bb6d765365b5357291b
  RxAlamofire: 878eb06baefd76df6062889be11592434e6c4a95
  RxCocoa: 32065309a38d29b5b0db858819b5bf9ef038b601
  RxDataSources: efee07fa4de48477eca0a4611e6d11e2da9c1114
  RxNuke: 10314eff18b5e7cf961298b265507deafcdcdef3
  RxOptional: b1fcd60856807a564c0215c2184b8d33e7826dc2
  RxRelay: d77f7d771495f43c556cbc43eebd1bb54d01e8e9
  RxSwift: 81470a2074fa8780320ea5fe4102807cb7118178

PODFILE CHECKSUM: 1ae557eb4ceba8a3168cc3ea6d4529f73fc1164e

COCOAPODS: 1.9.2
